
Microsoft Visual Studio Solution File, Format Version 12.00
# Visual Studio Version 17
VisualStudioVersion = 17.1.32210.238
MinimumVisualStudioVersion = 10.0.40219.1
Project("{9A19103F-16F7-4668-BE54-9A1E7A4F7556}") = "DynaBlazor", "DynaBlazor\DynaBlazor.csproj", "{D646E07A-26F9-4D5B-862C-BCF41AD615B4}"
EndProject
Project("{9A19103F-16F7-4668-BE54-9A1E7A4F7556}") = "DynaBlazor.Tests", "DynaBlazor.Tests\DynaBlazor.Tests.csproj", "{DCFAE937-C122-4D4A-9D1E-D8A3035333D6}"
EndProject
Global
	GlobalSection(SolutionConfigurationPlatforms) = preSolution
		Debug|Any CPU = Debug|Any CPU
		Release|Any CPU = Release|Any CPU
	EndGlobalSection
	GlobalSection(ProjectConfigurationPlatforms) = postSolution
		{D646E07A-26F9-4D5B-862C-BCF41AD615B4}.Debug|Any CPU.ActiveCfg = Debug|Any CPU
		{D646E07A-26F9-4D5B-862C-BCF41AD615B4}.Debug|Any CPU.Build.0 = Debug|Any CPU
		{D646E07A-26F9-4D5B-862C-BCF41AD615B4}.Release|Any CPU.ActiveCfg = Release|Any CPU
		{D646E07A-26F9-4D5B-862C-BCF41AD615B4}.Release|Any CPU.Build.0 = Release|Any CPU
		{DCFAE937-C122-4D4A-9D1E-D8A3035333D6}.Debug|Any CPU.ActiveCfg = Debug|Any CPU
		{DCFAE937-C122-4D4A-9D1E-D8A3035333D6}.Debug|Any CPU.Build.0 = Debug|Any CPU
		{DCFAE937-C122-4D4A-9D1E-D8A3035333D6}.Release|Any CPU.ActiveCfg = Release|Any CPU
		{DCFAE937-C122-4D4A-9D1E-D8A3035333D6}.Release|Any CPU.Build.0 = Release|Any CPU
	EndGlobalSection
	GlobalSection(SolutionProperties) = preSolution
		HideSolutionNode = FALSE
	EndGlobalSection
	GlobalSection(ExtensibilityGlobals) = postSolution
		SolutionGuid = {36BC6EF2-A559-468E-AF48-3BC96A5FEC99}
	EndGlobalSection
EndGlobal
